
Microsoft Visual Studio Solution File, Format Version 12.00
# Visual Studio 2012
Project("{FAE04EC0-301F-11D3-BF4B-00C04F79EFBC}") = "CSAPI", "CSAPI\CSAPI.csproj", "{54A9E095-3929-4D02-A7D2-DE700417B128}"
EndProject
Project("{FAE04EC0-301F-11D3-BF4B-00C04F79EFBC}") = "CSAPITests", "CSAPITests\CSAPITests.csproj", "{873BAF5C-879C-48AE-9472-D061A1E9E164}"
EndProject
Global
	GlobalSection(SolutionConfigurationPlatforms) = preSolution
		Debug|Any CPU = Debug|Any CPU
		Release|Any CPU = Release|Any CPU
	EndGlobalSection
	GlobalSection(ProjectConfigurationPlatforms) = postSolution
		{54A9E095-3929-4D02-A7D2-DE700417B128}.Debug|Any CPU.ActiveCfg = Debug|Any CPU
		{54A9E095-3929-4D02-A7D2-DE700417B128}.Debug|Any CPU.Build.0 = Debug|Any CPU
		{54A9E095-3929-4D02-A7D2-DE700417B128}.Release|Any CPU.ActiveCfg = Release|Any CPU
		{54A9E095-3929-4D02-A7D2-DE700417B128}.Release|Any CPU.Build.0 = Release|Any CPU
		{873BAF5C-879C-48AE-9472-D061A1E9E164}.Debug|Any CPU.ActiveCfg = Debug|Any CPU
		{873BAF5C-879C-48AE-9472-D061A1E9E164}.Debug|Any CPU.Build.0 = Debug|Any CPU
		{873BAF5C-879C-48AE-9472-D061A1E9E164}.Release|Any CPU.ActiveCfg = Release|Any CPU
		{873BAF5C-879C-48AE-9472-D061A1E9E164}.Release|Any CPU.Build.0 = Release|Any CPU
	EndGlobalSection
	GlobalSection(SolutionProperties) = preSolution
		HideSolutionNode = FALSE
	EndGlobalSection
EndGlobal
